
Microsoft Visual Studio Solution File, Format Version 12.00
# Visual Studio Version 16
VisualStudioVersion = 16.0.32901.82
MinimumVisualStudioVersion = 10.0.40219.1
Project("{FAE04EC0-301F-11D3-BF4B-00C04F79EFBC}") = "TheGameLauncher", "TheGameLauncher.csproj", "{ADADBAE3-F84C-43A5-8007-72B98893BB54}"
EndProject
Global
	GlobalSection(SolutionConfigurationPlatforms) = preSolution
		Debug|Any CPU = Debug|Any CPU
		Release|Any CPU = Release|Any CPU
	EndGlobalSection
	GlobalSection(ProjectConfigurationPlatforms) = postSolution
		{ADADBAE3-F84C-43A5-8007-72B98893BB54}.Debug|Any CPU.ActiveCfg = Debug|Any CPU
		{ADADBAE3-F84C-43A5-8007-72B98893BB54}.Debug|Any CPU.Build.0 = Debug|Any CPU
		{ADADBAE3-F84C-43A5-8007-72B98893BB54}.Release|Any CPU.ActiveCfg = Release|Any CPU
		{ADADBAE3-F84C-43A5-8007-72B98893BB54}.Release|Any CPU.Build.0 = Release|Any CPU
	EndGlobalSection
	GlobalSection(SolutionProperties) = preSolution
		HideSolutionNode = FALSE
	EndGlobalSection
	GlobalSection(ExtensibilityGlobals) = postSolution
		SolutionGuid = {720FFBB7-2C7A-4C21-8EEE-AE670E3FE961}
	EndGlobalSection
EndGlobal
